// !$*UTF8*$!
{
	archiveVersion = 1;
	classes = {
	};
	objectVersion = 56;
	objects = {

/* Begin PBXBuildFile section */
		34017E4D2B97B45700B7FB72 /* PlayingCard.swift in Sources */ = {isa = PBXBuildFile; fileRef = 34017E4C2B97B45700B7FB72 /* PlayingCard.swift */; };
		342541772B9063C8002545BD /* Settings.swift in Sources */ = {isa = PBXBuildFile; fileRef = 342541762B9063C8002545BD /* Settings.swift */; };
		3433FF7F2B968B4800C90F8B /* Extensions.swift in Sources */ = {isa = PBXBuildFile; fileRef = 3433FF7E2B968B4800C90F8B /* Extensions.swift */; };
		344582262B816A530008524D /* POOSDKerApp.swift in Sources */ = {isa = PBXBuildFile; fileRef = 344582252B816A530008524D /* POOSDKerApp.swift */; };
		344582282B816A530008524D /* ContentView.swift in Sources */ = {isa = PBXBuildFile; fileRef = 344582272B816A530008524D /* ContentView.swift */; };
		3445822A2B816A540008524D /* Assets.xcassets in Resources */ = {isa = PBXBuildFile; fileRef = 344582292B816A540008524D /* Assets.xcassets */; };
		3445822D2B816A540008524D /* Preview Assets.xcassets in Resources */ = {isa = PBXBuildFile; fileRef = 3445822C2B816A540008524D /* Preview Assets.xcassets */; };
		344582372B816A540008524D /* POOSDKerTests.swift in Sources */ = {isa = PBXBuildFile; fileRef = 344582362B816A540008524D /* POOSDKerTests.swift */; };
		344582412B816A540008524D /* POOSDKerUITests.swift in Sources */ = {isa = PBXBuildFile; fileRef = 344582402B816A540008524D /* POOSDKerUITests.swift */; };
		344582432B816A540008524D /* POOSDKerUITestsLaunchTests.swift in Sources */ = {isa = PBXBuildFile; fileRef = 344582422B816A540008524D /* POOSDKerUITestsLaunchTests.swift */; };
		34C7B2892B8E5ADD007DA1EB /* HostGameView.swift in Sources */ = {isa = PBXBuildFile; fileRef = 34C7B2882B8E5ADD007DA1EB /* HostGameView.swift */; };
		34C7B28B2B8E5CE6007DA1EB /* JoinGameView.swift in Sources */ = {isa = PBXBuildFile; fileRef = 34C7B28A2B8E5CE6007DA1EB /* JoinGameView.swift */; };
		34C7B28D2B8E5D11007DA1EB /* SettingsView.swift in Sources */ = {isa = PBXBuildFile; fileRef = 34C7B28C2B8E5D11007DA1EB /* SettingsView.swift */; };
		34C7B28F2B8E5E00007DA1EB /* LobbyView.swift in Sources */ = {isa = PBXBuildFile; fileRef = 34C7B28E2B8E5E00007DA1EB /* LobbyView.swift */; };
		34C7B2912B8E62D9007DA1EB /* PlayGameView.swift in Sources */ = {isa = PBXBuildFile; fileRef = 34C7B2902B8E62D9007DA1EB /* PlayGameView.swift */; };
		34C7B2932B8E6317007DA1EB /* ResultsView.swift in Sources */ = {isa = PBXBuildFile; fileRef = 34C7B2922B8E6317007DA1EB /* ResultsView.swift */; };
		34C7B2962B8E6A4C007DA1EB /* AppState.swift in Sources */ = {isa = PBXBuildFile; fileRef = 34C7B2952B8E6A4C007DA1EB /* AppState.swift */; };
		34C7B2982B8E6A9F007DA1EB /* NetworkingController.swift in Sources */ = {isa = PBXBuildFile; fileRef = 34C7B2972B8E6A9F007DA1EB /* NetworkingController.swift */; };
		34F998312B9346590077B62F /* TableView.swift in Sources */ = {isa = PBXBuildFile; fileRef = 34F998302B9346590077B62F /* TableView.swift */; };
/* End PBXBuildFile section */

/* Begin PBXContainerItemProxy section */
		344582332B816A540008524D /* PBXContainerItemProxy */ = {
			isa = PBXContainerItemProxy;
			containerPortal = 3445821A2B816A530008524D /* Project object */;
			proxyType = 1;
			remoteGlobalIDString = 344582212B816A530008524D;
			remoteInfo = POOSDKer;
		};
		3445823D2B816A540008524D /* PBXContainerItemProxy */ = {
			isa = PBXContainerItemProxy;
			containerPortal = 3445821A2B816A530008524D /* Project object */;
			proxyType = 1;
			remoteGlobalIDString = 344582212B816A530008524D;
			remoteInfo = POOSDKer;
		};
/* End PBXContainerItemProxy section */

/* Begin PBXFileReference section */
		34017E4C2B97B45700B7FB72 /* PlayingCard.swift */ = {isa = PBXFileReference; lastKnownFileType = sourcecode.swift; path = PlayingCard.swift; sourceTree = "<group>"; };
		342541752B8F1A8F002545BD /* Info.plist */ = {isa = PBXFileReference; lastKnownFileType = text.plist; path = Info.plist; sourceTree = "<group>"; };
		342541762B9063C8002545BD /* Settings.swift */ = {isa = PBXFileReference; lastKnownFileType = sourcecode.swift; path = Settings.swift; sourceTree = "<group>"; };
		3433FF7E2B968B4800C90F8B /* Extensions.swift */ = {isa = PBXFileReference; lastKnownFileType = sourcecode.swift; path = Extensions.swift; sourceTree = "<group>"; };
		344582222B816A530008524D /* POOSDKer.app */ = {isa = PBXFileReference; explicitFileType = wrapper.application; includeInIndex = 0; path = POOSDKer.app; sourceTree = BUILT_PRODUCTS_DIR; };
		344582252B816A530008524D /* POOSDKerApp.swift */ = {isa = PBXFileReference; lastKnownFileType = sourcecode.swift; path = POOSDKerApp.swift; sourceTree = "<group>"; };
		344582272B816A530008524D /* ContentView.swift */ = {isa = PBXFileReference; lastKnownFileType = sourcecode.swift; path = ContentView.swift; sourceTree = "<group>"; };
		344582292B816A540008524D /* Assets.xcassets */ = {isa = PBXFileReference; lastKnownFileType = folder.assetcatalog; path = Assets.xcassets; sourceTree = "<group>"; };
		3445822C2B816A540008524D /* Preview Assets.xcassets */ = {isa = PBXFileReference; lastKnownFileType = folder.assetcatalog; path = "Preview Assets.xcassets"; sourceTree = "<group>"; };
		344582322B816A540008524D /* POOSDKerTests.xctest */ = {isa = PBXFileReference; explicitFileType = wrapper.cfbundle; includeInIndex = 0; path = POOSDKerTests.xctest; sourceTree = BUILT_PRODUCTS_DIR; };
		344582362B816A540008524D /* POOSDKerTests.swift */ = {isa = PBXFileReference; lastKnownFileType = sourcecode.swift; path = POOSDKerTests.swift; sourceTree = "<group>"; };
		3445823C2B816A540008524D /* POOSDKerUITests.xctest */ = {isa = PBXFileReference; explicitFileType = wrapper.cfbundle; includeInIndex = 0; path = POOSDKerUITests.xctest; sourceTree = BUILT_PRODUCTS_DIR; };
		344582402B816A540008524D /* POOSDKerUITests.swift */ = {isa = PBXFileReference; lastKnownFileType = sourcecode.swift; path = POOSDKerUITests.swift; sourceTree = "<group>"; };
		344582422B816A540008524D /* POOSDKerUITestsLaunchTests.swift */ = {isa = PBXFileReference; lastKnownFileType = sourcecode.swift; path = POOSDKerUITestsLaunchTests.swift; sourceTree = "<group>"; };
		34C7B2882B8E5ADD007DA1EB /* HostGameView.swift */ = {isa = PBXFileReference; lastKnownFileType = sourcecode.swift; path = HostGameView.swift; sourceTree = "<group>"; };
		34C7B28A2B8E5CE6007DA1EB /* JoinGameView.swift */ = {isa = PBXFileReference; lastKnownFileType = sourcecode.swift; path = JoinGameView.swift; sourceTree = "<group>"; };
		34C7B28C2B8E5D11007DA1EB /* SettingsView.swift */ = {isa = PBXFileReference; lastKnownFileType = sourcecode.swift; path = SettingsView.swift; sourceTree = "<group>"; };
		34C7B28E2B8E5E00007DA1EB /* LobbyView.swift */ = {isa = PBXFileReference; lastKnownFileType = sourcecode.swift; path = LobbyView.swift; sourceTree = "<group>"; };
		34C7B2902B8E62D9007DA1EB /* PlayGameView.swift */ = {isa = PBXFileReference; lastKnownFileType = sourcecode.swift; path = PlayGameView.swift; sourceTree = "<group>"; };
		34C7B2922B8E6317007DA1EB /* ResultsView.swift */ = {isa = PBXFileReference; lastKnownFileType = sourcecode.swift; path = ResultsView.swift; sourceTree = "<group>"; };
		34C7B2952B8E6A4C007DA1EB /* AppState.swift */ = {isa = PBXFileReference; lastKnownFileType = sourcecode.swift; path = AppState.swift; sourceTree = "<group>"; };
		34C7B2972B8E6A9F007DA1EB /* NetworkingController.swift */ = {isa = PBXFileReference; lastKnownFileType = sourcecode.swift; path = NetworkingController.swift; sourceTree = "<group>"; };
		34F998302B9346590077B62F /* TableView.swift */ = {isa = PBXFileReference; lastKnownFileType = sourcecode.swift; path = TableView.swift; sourceTree = "<group>"; };
/* End PBXFileReference section */

/* Begin PBXFrameworksBuildPhase section */
		3445821F2B816A530008524D /* Frameworks */ = {
			isa = PBXFrameworksBuildPhase;
			buildActionMask = 2147483647;
			files = (
			);
			runOnlyForDeploymentPostprocessing = 0;
		};
		3445822F2B816A540008524D /* Frameworks */ = {
			isa = PBXFrameworksBuildPhase;
			buildActionMask = 2147483647;
			files = (
			);
			runOnlyForDeploymentPostprocessing = 0;
		};
		344582392B816A540008524D /* Frameworks */ = {
			isa = PBXFrameworksBuildPhase;
			buildActionMask = 2147483647;
			files = (
			);
			runOnlyForDeploymentPostprocessing = 0;
		};
/* End PBXFrameworksBuildPhase section */

/* Begin PBXGroup section */
		344582192B816A530008524D = {
			isa = PBXGroup;
			children = (
				344582242B816A530008524D /* POOSDKer */,
				344582352B816A540008524D /* POOSDKerTests */,
				3445823F2B816A540008524D /* POOSDKerUITests */,
				344582232B816A530008524D /* Products */,
			);
			sourceTree = "<group>";
		};
		344582232B816A530008524D /* Products */ = {
			isa = PBXGroup;
			children = (
				344582222B816A530008524D /* POOSDKer.app */,
				344582322B816A540008524D /* POOSDKerTests.xctest */,
				3445823C2B816A540008524D /* POOSDKerUITests.xctest */,
			);
			name = Products;
			sourceTree = "<group>";
		};
		344582242B816A530008524D /* POOSDKer */ = {
			isa = PBXGroup;
			children = (
				3433FF7E2B968B4800C90F8B /* Extensions.swift */,
				342541762B9063C8002545BD /* Settings.swift */,
				34C7B2952B8E6A4C007DA1EB /* AppState.swift */,
				342541752B8F1A8F002545BD /* Info.plist */,
				34C7B2942B8E6A3F007DA1EB /* Backend */,
				34C7B2872B8E5AC7007DA1EB /* Views */,
				344582252B816A530008524D /* POOSDKerApp.swift */,
				344582272B816A530008524D /* ContentView.swift */,
				344582292B816A540008524D /* Assets.xcassets */,
				3445822B2B816A540008524D /* Preview Content */,
			);
			path = POOSDKer;
			sourceTree = "<group>";
		};
		3445822B2B816A540008524D /* Preview Content */ = {
			isa = PBXGroup;
			children = (
				3445822C2B816A540008524D /* Preview Assets.xcassets */,
			);
			path = "Preview Content";
			sourceTree = "<group>";
		};
		344582352B816A540008524D /* POOSDKerTests */ = {
			isa = PBXGroup;
			children = (
				344582362B816A540008524D /* POOSDKerTests.swift */,
			);
			path = POOSDKerTests;
			sourceTree = "<group>";
		};
		3445823F2B816A540008524D /* POOSDKerUITests */ = {
			isa = PBXGroup;
			children = (
				344582402B816A540008524D /* POOSDKerUITests.swift */,
				344582422B816A540008524D /* POOSDKerUITestsLaunchTests.swift */,
			);
			path = POOSDKerUITests;
			sourceTree = "<group>";
		};
		34C7B2872B8E5AC7007DA1EB /* Views */ = {
			isa = PBXGroup;
			children = (
				34C7B2882B8E5ADD007DA1EB /* HostGameView.swift */,
				34C7B28A2B8E5CE6007DA1EB /* JoinGameView.swift */,
				34C7B28C2B8E5D11007DA1EB /* SettingsView.swift */,
				34017E4C2B97B45700B7FB72 /* PlayingCard.swift */,
				34C7B28E2B8E5E00007DA1EB /* LobbyView.swift */,
				34F998302B9346590077B62F /* TableView.swift */,
				34C7B2902B8E62D9007DA1EB /* PlayGameView.swift */,
				34C7B2922B8E6317007DA1EB /* ResultsView.swift */,
			);
			path = Views;
			sourceTree = "<group>";
		};
		34C7B2942B8E6A3F007DA1EB /* Backend */ = {
			isa = PBXGroup;
			children = (
				34C7B2972B8E6A9F007DA1EB /* NetworkingController.swift */,
			);
			path = Backend;
			sourceTree = "<group>";
		};
/* End PBXGroup section */

/* Begin PBXNativeTarget section */
		344582212B816A530008524D /* POOSDKer */ = {
			isa = PBXNativeTarget;
			buildConfigurationList = 344582462B816A540008524D /* Build configuration list for PBXNativeTarget "POOSDKer" */;
			buildPhases = (
				3445821E2B816A530008524D /* Sources */,
				3445821F2B816A530008524D /* Frameworks */,
				344582202B816A530008524D /* Resources */,
			);
			buildRules = (
			);
			dependencies = (
			);
			name = POOSDKer;
			productName = POOSDKer;
			productReference = 344582222B816A530008524D /* POOSDKer.app */;
			productType = "com.apple.product-type.application";
		};
		344582312B816A540008524D /* POOSDKerTests */ = {
			isa = PBXNativeTarget;
			buildConfigurationList = 344582492B816A540008524D /* Build configuration list for PBXNativeTarget "POOSDKerTests" */;
			buildPhases = (
				3445822E2B816A540008524D /* Sources */,
				3445822F2B816A540008524D /* Frameworks */,
				344582302B816A540008524D /* Resources */,
			);
			buildRules = (
			);
			dependencies = (
				344582342B816A540008524D /* PBXTargetDependency */,
			);
			name = POOSDKerTests;
			productName = POOSDKerTests;
			productReference = 344582322B816A540008524D /* POOSDKerTests.xctest */;
			productType = "com.apple.product-type.bundle.unit-test";
		};
		3445823B2B816A540008524D /* POOSDKerUITests */ = {
			isa = PBXNativeTarget;
			buildConfigurationList = 3445824C2B816A540008524D /* Build configuration list for PBXNativeTarget "POOSDKerUITests" */;
			buildPhases = (
				344582382B816A540008524D /* Sources */,
				344582392B816A540008524D /* Frameworks */,
				3445823A2B816A540008524D /* Resources */,
			);
			buildRules = (
			);
			dependencies = (
				3445823E2B816A540008524D /* PBXTargetDependency */,
			);
			name = POOSDKerUITests;
			productName = POOSDKerUITests;
			productReference = 3445823C2B816A540008524D /* POOSDKerUITests.xctest */;
			productType = "com.apple.product-type.bundle.ui-testing";
		};
/* End PBXNativeTarget section */

/* Begin PBXProject section */
		3445821A2B816A530008524D /* Project object */ = {
			isa = PBXProject;
			attributes = {
				BuildIndependentTargetsInParallel = 1;
				LastSwiftUpdateCheck = 1520;
				LastUpgradeCheck = 1520;
				TargetAttributes = {
					344582212B816A530008524D = {
						CreatedOnToolsVersion = 15.2;
					};
					344582312B816A540008524D = {
						CreatedOnToolsVersion = 15.2;
						TestTargetID = 344582212B816A530008524D;
					};
					3445823B2B816A540008524D = {
						CreatedOnToolsVersion = 15.2;
						TestTargetID = 344582212B816A530008524D;
					};
				};
			};
			buildConfigurationList = 3445821D2B816A530008524D /* Build configuration list for PBXProject "POOSDKer" */;
			compatibilityVersion = "Xcode 14.0";
			developmentRegion = en;
			hasScannedForEncodings = 0;
			knownRegions = (
				en,
				Base,
			);
			mainGroup = 344582192B816A530008524D;
			productRefGroup = 344582232B816A530008524D /* Products */;
			projectDirPath = "";
			projectRoot = "";
			targets = (
				344582212B816A530008524D /* POOSDKer */,
				344582312B816A540008524D /* POOSDKerTests */,
				3445823B2B816A540008524D /* POOSDKerUITests */,
			);
		};
/* End PBXProject section */

/* Begin PBXResourcesBuildPhase section */
		344582202B816A530008524D /* Resources */ = {
			isa = PBXResourcesBuildPhase;
			buildActionMask = 2147483647;
			files = (
				3445822D2B816A540008524D /* Preview Assets.xcassets in Resources */,
				3445822A2B816A540008524D /* Assets.xcassets in Resources */,
			);
			runOnlyForDeploymentPostprocessing = 0;
		};
		344582302B816A540008524D /* Resources */ = {
			isa = PBXResourcesBuildPhase;
			buildActionMask = 2147483647;
			files = (
			);
			runOnlyForDeploymentPostprocessing = 0;
		};
		3445823A2B816A540008524D /* Resources */ = {
			isa = PBXResourcesBuildPhase;
			buildActionMask = 2147483647;
			files = (
			);
			runOnlyForDeploymentPostprocessing = 0;
		};
/* End PBXResourcesBuildPhase section */

/* Begin PBXSourcesBuildPhase section */
		3445821E2B816A530008524D /* Sources */ = {
			isa = PBXSourcesBuildPhase;
			buildActionMask = 2147483647;
			files = (
				344582282B816A530008524D /* ContentView.swift in Sources */,
				34F998312B9346590077B62F /* TableView.swift in Sources */,
				34C7B2932B8E6317007DA1EB /* ResultsView.swift in Sources */,
				344582262B816A530008524D /* POOSDKerApp.swift in Sources */,
				34C7B2962B8E6A4C007DA1EB /* AppState.swift in Sources */,
				34C7B2892B8E5ADD007DA1EB /* HostGameView.swift in Sources */,
				34C7B28B2B8E5CE6007DA1EB /* JoinGameView.swift in Sources */,
				3433FF7F2B968B4800C90F8B /* Extensions.swift in Sources */,
				342541772B9063C8002545BD /* Settings.swift in Sources */,
				34C7B28D2B8E5D11007DA1EB /* SettingsView.swift in Sources */,
				34C7B2912B8E62D9007DA1EB /* PlayGameView.swift in Sources */,
				34C7B28F2B8E5E00007DA1EB /* LobbyView.swift in Sources */,
				34017E4D2B97B45700B7FB72 /* PlayingCard.swift in Sources */,
				34C7B2982B8E6A9F007DA1EB /* NetworkingController.swift in Sources */,
			);
			runOnlyForDeploymentPostprocessing = 0;
		};
		3445822E2B816A540008524D /* Sources */ = {
			isa = PBXSourcesBuildPhase;
			buildActionMask = 2147483647;
			files = (
				344582372B816A540008524D /* POOSDKerTests.swift in Sources */,
			);
			runOnlyForDeploymentPostprocessing = 0;
		};
		344582382B816A540008524D /* Sources */ = {
			isa = PBXSourcesBuildPhase;
			buildActionMask = 2147483647;
			files = (
				344582432B816A540008524D /* POOSDKerUITestsLaunchTests.swift in Sources */,
				344582412B816A540008524D /* POOSDKerUITests.swift in Sources */,
			);
			runOnlyForDeploymentPostprocessing = 0;
		};
/* End PBXSourcesBuildPhase section */

/* Begin PBXTargetDependency section */
		344582342B816A540008524D /* PBXTargetDependency */ = {
			isa = PBXTargetDependency;
			target = 344582212B816A530008524D /* POOSDKer */;
			targetProxy = 344582332B816A540008524D /* PBXContainerItemProxy */;
		};
		3445823E2B816A540008524D /* PBXTargetDependency */ = {
			isa = PBXTargetDependency;
			target = 344582212B816A530008524D /* POOSDKer */;
			targetProxy = 3445823D2B816A540008524D /* PBXContainerItemProxy */;
		};
/* End PBXTargetDependency section */

/* Begin XCBuildConfiguration section */
		344582442B816A540008524D /* Debug */ = {
			isa = XCBuildConfiguration;
			buildSettings = {
				ALWAYS_SEARCH_USER_PATHS = NO;
				ASSETCATALOG_COMPILER_GENERATE_SWIFT_ASSET_SYMBOL_EXTENSIONS = YES;
				CLANG_ANALYZER_NONNULL = YES;
				CLANG_ANALYZER_NUMBER_OBJECT_CONVERSION = YES_AGGRESSIVE;
				CLANG_CXX_LANGUAGE_STANDARD = "gnu++20";
				CLANG_ENABLE_MODULES = YES;
				CLANG_ENABLE_OBJC_ARC = YES;
				CLANG_ENABLE_OBJC_WEAK = YES;
				CLANG_WARN_BLOCK_CAPTURE_AUTORELEASING = YES;
				CLANG_WARN_BOOL_CONVERSION = YES;
				CLANG_WARN_COMMA = YES;
				CLANG_WARN_CONSTANT_CONVERSION = YES;
				CLANG_WARN_DEPRECATED_OBJC_IMPLEMENTATIONS = YES;
				CLANG_WARN_DIRECT_OBJC_ISA_USAGE = YES_ERROR;
				CLANG_WARN_DOCUMENTATION_COMMENTS = YES;
				CLANG_WARN_EMPTY_BODY = YES;
				CLANG_WARN_ENUM_CONVERSION = YES;
				CLANG_WARN_INFINITE_RECURSION = YES;
				CLANG_WARN_INT_CONVERSION = YES;
				CLANG_WARN_NON_LITERAL_NULL_CONVERSION = YES;
				CLANG_WARN_OBJC_IMPLICIT_RETAIN_SELF = YES;
				CLANG_WARN_OBJC_LITERAL_CONVERSION = YES;
				CLANG_WARN_OBJC_ROOT_CLASS = YES_ERROR;
				CLANG_WARN_QUOTED_INCLUDE_IN_FRAMEWORK_HEADER = YES;
				CLANG_WARN_RANGE_LOOP_ANALYSIS = YES;
				CLANG_WARN_STRICT_PROTOTYPES = YES;
				CLANG_WARN_SUSPICIOUS_MOVE = YES;
				CLANG_WARN_UNGUARDED_AVAILABILITY = YES_AGGRESSIVE;
				CLANG_WARN_UNREACHABLE_CODE = YES;
				CLANG_WARN__DUPLICATE_METHOD_MATCH = YES;
				COPY_PHASE_STRIP = NO;
				DEBUG_INFORMATION_FORMAT = dwarf;
				ENABLE_STRICT_OBJC_MSGSEND = YES;
				ENABLE_TESTABILITY = YES;
				ENABLE_USER_SCRIPT_SANDBOXING = YES;
				GCC_C_LANGUAGE_STANDARD = gnu17;
				GCC_DYNAMIC_NO_PIC = NO;
				GCC_NO_COMMON_BLOCKS = YES;
				GCC_OPTIMIZATION_LEVEL = 0;
				GCC_PREPROCESSOR_DEFINITIONS = (
					"DEBUG=1",
					"$(inherited)",
				);
				GCC_WARN_64_TO_32_BIT_CONVERSION = YES;
				GCC_WARN_ABOUT_RETURN_TYPE = YES_ERROR;
				GCC_WARN_UNDECLARED_SELECTOR = YES;
				GCC_WARN_UNINITIALIZED_AUTOS = YES_AGGRESSIVE;
				GCC_WARN_UNUSED_FUNCTION = YES;
				GCC_WARN_UNUSED_VARIABLE = YES;
				IPHONEOS_DEPLOYMENT_TARGET = 17.2;
				LOCALIZATION_PREFERS_STRING_CATALOGS = YES;
				MTL_ENABLE_DEBUG_INFO = INCLUDE_SOURCE;
				MTL_FAST_MATH = YES;
				ONLY_ACTIVE_ARCH = YES;
				SDKROOT = iphoneos;
				SWIFT_ACTIVE_COMPILATION_CONDITIONS = "DEBUG $(inherited)";
				SWIFT_OPTIMIZATION_LEVEL = "-Onone";
			};
			name = Debug;
		};
		344582452B816A540008524D /* Release */ = {
			isa = XCBuildConfiguration;
			buildSettings = {
				ALWAYS_SEARCH_USER_PATHS = NO;
				ASSETCATALOG_COMPILER_GENERATE_SWIFT_ASSET_SYMBOL_EXTENSIONS = YES;
				CLANG_ANALYZER_NONNULL = YES;
				CLANG_ANALYZER_NUMBER_OBJECT_CONVERSION = YES_AGGRESSIVE;
				CLANG_CXX_LANGUAGE_STANDARD = "gnu++20";
				CLANG_ENABLE_MODULES = YES;
				CLANG_ENABLE_OBJC_ARC = YES;
				CLANG_ENABLE_OBJC_WEAK = YES;
				CLANG_WARN_BLOCK_CAPTURE_AUTORELEASING = YES;
				CLANG_WARN_BOOL_CONVERSION = YES;
				CLANG_WARN_COMMA = YES;
				CLANG_WARN_CONSTANT_CONVERSION = YES;
				CLANG_WARN_DEPRECATED_OBJC_IMPLEMENTATIONS = YES;
				CLANG_WARN_DIRECT_OBJC_ISA_USAGE = YES_ERROR;
				CLANG_WARN_DOCUMENTATION_COMMENTS = YES;
				CLANG_WARN_EMPTY_BODY = YES;
				CLANG_WARN_ENUM_CONVERSION = YES;
				CLANG_WARN_INFINITE_RECURSION = YES;
				CLANG_WARN_INT_CONVERSION = YES;
				CLANG_WARN_NON_LITERAL_NULL_CONVERSION = YES;
				CLANG_WARN_OBJC_IMPLICIT_RETAIN_SELF = YES;
				CLANG_WARN_OBJC_LITERAL_CONVERSION = YES;
				CLANG_WARN_OBJC_ROOT_CLASS = YES_ERROR;
				CLANG_WARN_QUOTED_INCLUDE_IN_FRAMEWORK_HEADER = YES;
				CLANG_WARN_RANGE_LOOP_ANALYSIS = YES;
				CLANG_WARN_STRICT_PROTOTYPES = YES;
				CLANG_WARN_SUSPICIOUS_MOVE = YES;
				CLANG_WARN_UNGUARDED_AVAILABILITY = YES_AGGRESSIVE;
				CLANG_WARN_UNREACHABLE_CODE = YES;
				CLANG_WARN__DUPLICATE_METHOD_MATCH = YES;
				COPY_PHASE_STRIP = NO;
				DEBUG_INFORMATION_FORMAT = "dwarf-with-dsym";
				ENABLE_NS_ASSERTIONS = NO;
				ENABLE_STRICT_OBJC_MSGSEND = YES;
				ENABLE_USER_SCRIPT_SANDBOXING = YES;
				GCC_C_LANGUAGE_STANDARD = gnu17;
				GCC_NO_COMMON_BLOCKS = YES;
				GCC_WARN_64_TO_32_BIT_CONVERSION = YES;
				GCC_WARN_ABOUT_RETURN_TYPE = YES_ERROR;
				GCC_WARN_UNDECLARED_SELECTOR = YES;
				GCC_WARN_UNINITIALIZED_AUTOS = YES_AGGRESSIVE;
				GCC_WARN_UNUSED_FUNCTION = YES;
				GCC_WARN_UNUSED_VARIABLE = YES;
				IPHONEOS_DEPLOYMENT_TARGET = 17.2;
				LOCALIZATION_PREFERS_STRING_CATALOGS = YES;
				MTL_ENABLE_DEBUG_INFO = NO;
				MTL_FAST_MATH = YES;
				SDKROOT = iphoneos;
				SWIFT_COMPILATION_MODE = wholemodule;
				VALIDATE_PRODUCT = YES;
			};
			name = Release;
		};
		344582472B816A540008524D /* Debug */ = {
			isa = XCBuildConfiguration;
			buildSettings = {
				ASSETCATALOG_COMPILER_APPICON_NAME = AppIcon;
				ASSETCATALOG_COMPILER_GLOBAL_ACCENT_COLOR_NAME = AccentColor;
				CODE_SIGN_STYLE = Automatic;
				CURRENT_PROJECT_VERSION = 1;
				DEVELOPMENT_ASSET_PATHS = "\"POOSDKer/Preview Content\"";
				DEVELOPMENT_TEAM = LN92DAL645;
				ENABLE_PREVIEWS = YES;
				GENERATE_INFOPLIST_FILE = YES;
				INFOPLIST_FILE = POOSDKer/Info.plist;
				INFOPLIST_KEY_LSApplicationCategoryType = "";
				INFOPLIST_KEY_NSLocalNetworkUsageDescription = Please;
				INFOPLIST_KEY_UIApplicationSceneManifest_Generation = YES;
				INFOPLIST_KEY_UIApplicationSupportsIndirectInputEvents = YES;
				INFOPLIST_KEY_UILaunchScreen_Generation = YES;
				INFOPLIST_KEY_UISupportedInterfaceOrientations_iPad = "UIInterfaceOrientationPortrait UIInterfaceOrientationPortraitUpsideDown UIInterfaceOrientationLandscapeLeft UIInterfaceOrientationLandscapeRight";
				INFOPLIST_KEY_UISupportedInterfaceOrientations_iPhone = "UIInterfaceOrientationPortrait UIInterfaceOrientationLandscapeLeft UIInterfaceOrientationLandscapeRight";
				LD_RUNPATH_SEARCH_PATHS = (
					"$(inherited)",
					"@executable_path/Frameworks",
				);
				MARKETING_VERSION = 1.0;
				PRODUCT_BUNDLE_IDENTIFIER = info.matthewsand.POOSDKer;
				PRODUCT_NAME = "$(TARGET_NAME)";
				SWIFT_EMIT_LOC_STRINGS = YES;
				SWIFT_VERSION = 5.0;
				TARGETED_DEVICE_FAMILY = "1,2";
			};
			name = Debug;
		};
		344582482B816A540008524D /* Release */ = {
			isa = XCBuildConfiguration;
			buildSettings = {
				ASSETCATALOG_COMPILER_APPICON_NAME = AppIcon;
				ASSETCATALOG_COMPILER_GLOBAL_ACCENT_COLOR_NAME = AccentColor;
				CODE_SIGN_STYLE = Automatic;
				CURRENT_PROJECT_VERSION = 1;
				DEVELOPMENT_ASSET_PATHS = "\"POOSDKer/Preview Content\"";
				DEVELOPMENT_TEAM = LN92DAL645;
				ENABLE_PREVIEWS = YES;
				GENERATE_INFOPLIST_FILE = YES;
				INFOPLIST_FILE = POOSDKer/Info.plist;
				INFOPLIST_KEY_LSApplicationCategoryType = "";
				INFOPLIST_KEY_NSLocalNetworkUsageDescription = Please;
				INFOPLIST_KEY_UIApplicationSceneManifest_Generation = YES;
				INFOPLIST_KEY_UIApplicationSupportsIndirectInputEvents = YES;
				INFOPLIST_KEY_UILaunchScreen_Generation = YES;
				INFOPLIST_KEY_UISupportedInterfaceOrientations_iPad = "UIInterfaceOrientationPortrait UIInterfaceOrientationPortraitUpsideDown UIInterfaceOrientationLandscapeLeft UIInterfaceOrientationLandscapeRight";
				INFOPLIST_KEY_UISupportedInterfaceOrientations_iPhone = "UIInterfaceOrientationPortrait UIInterfaceOrientationLandscapeLeft UIInterfaceOrientationLandscapeRight";
				LD_RUNPATH_SEARCH_PATHS = (
					"$(inherited)",
					"@executable_path/Frameworks",
				);
				MARKETING_VERSION = 1.0;
				PRODUCT_BUNDLE_IDENTIFIER = info.matthewsand.POOSDKer;
				PRODUCT_NAME = "$(TARGET_NAME)";
				SWIFT_EMIT_LOC_STRINGS = YES;
				SWIFT_VERSION = 5.0;
				TARGETED_DEVICE_FAMILY = "1,2";
			};
			name = Release;
		};
		3445824A2B816A540008524D /* Debug */ = {
			isa = XCBuildConfiguration;
			buildSettings = {
				ALWAYS_EMBED_SWIFT_STANDARD_LIBRARIES = YES;
				BUNDLE_LOADER = "$(TEST_HOST)";
				CODE_SIGN_STYLE = Automatic;
				CURRENT_PROJECT_VERSION = 1;
				DEVELOPMENT_TEAM = LN92DAL645;
				GENERATE_INFOPLIST_FILE = YES;
				IPHONEOS_DEPLOYMENT_TARGET = 17.2;
				MARKETING_VERSION = 1.0;
				PRODUCT_BUNDLE_IDENTIFIER = info.matthewsand.POOSDKerTests;
				PRODUCT_NAME = "$(TARGET_NAME)";
				SWIFT_EMIT_LOC_STRINGS = NO;
				SWIFT_VERSION = 5.0;
				TARGETED_DEVICE_FAMILY = "1,2";
				TEST_HOST = "$(BUILT_PRODUCTS_DIR)/POOSDKer.app/$(BUNDLE_EXECUTABLE_FOLDER_PATH)/POOSDKer";
			};
			name = Debug;
		};
		3445824B2B816A540008524D /* Release */ = {
			isa = XCBuildConfiguration;
			buildSettings = {
				ALWAYS_EMBED_SWIFT_STANDARD_LIBRARIES = YES;
				BUNDLE_LOADER = "$(TEST_HOST)";
				CODE_SIGN_STYLE = Automatic;
				CURRENT_PROJECT_VERSION = 1;
				DEVELOPMENT_TEAM = LN92DAL645;
				GENERATE_INFOPLIST_FILE = YES;
				IPHONEOS_DEPLOYMENT_TARGET = 17.2;
				MARKETING_VERSION = 1.0;
				PRODUCT_BUNDLE_IDENTIFIER = info.matthewsand.POOSDKerTests;
				PRODUCT_NAME = "$(TARGET_NAME)";
				SWIFT_EMIT_LOC_STRINGS = NO;
				SWIFT_VERSION = 5.0;
				TARGETED_DEVICE_FAMILY = "1,2";
				TEST_HOST = "$(BUILT_PRODUCTS_DIR)/POOSDKer.app/$(BUNDLE_EXECUTABLE_FOLDER_PATH)/POOSDKer";
			};
			name = Release;
		};
		3445824D2B816A540008524D /* Debug */ = {
			isa = XCBuildConfiguration;
			buildSettings = {
				ALWAYS_EMBED_SWIFT_STANDARD_LIBRARIES = YES;
				CODE_SIGN_STYLE = Automatic;
				CURRENT_PROJECT_VERSION = 1;
				DEVELOPMENT_TEAM = LN92DAL645;
				GENERATE_INFOPLIST_FILE = YES;
				MARKETING_VERSION = 1.0;
				PRODUCT_BUNDLE_IDENTIFIER = info.matthewsand.POOSDKerUITests;
				PRODUCT_NAME = "$(TARGET_NAME)";
				SWIFT_EMIT_LOC_STRINGS = NO;
				SWIFT_VERSION = 5.0;
				TARGETED_DEVICE_FAMILY = "1,2";
				TEST_TARGET_NAME = POOSDKer;
			};
			name = Debug;
		};
		3445824E2B816A540008524D /* Release */ = {
			isa = XCBuildConfiguration;
			buildSettings = {
				ALWAYS_EMBED_SWIFT_STANDARD_LIBRARIES = YES;
				CODE_SIGN_STYLE = Automatic;
				CURRENT_PROJECT_VERSION = 1;
				DEVELOPMENT_TEAM = LN92DAL645;
				GENERATE_INFOPLIST_FILE = YES;
				MARKETING_VERSION = 1.0;
				PRODUCT_BUNDLE_IDENTIFIER = info.matthewsand.POOSDKerUITests;
				PRODUCT_NAME = "$(TARGET_NAME)";
				SWIFT_EMIT_LOC_STRINGS = NO;
				SWIFT_VERSION = 5.0;
				TARGETED_DEVICE_FAMILY = "1,2";
				TEST_TARGET_NAME = POOSDKer;
			};
			name = Release;
		};
/* End XCBuildConfiguration section */

/* Begin XCConfigurationList section */
		3445821D2B816A530008524D /* Build configuration list for PBXProject "POOSDKer" */ = {
			isa = XCConfigurationList;
			buildConfigurations = (
				344582442B816A540008524D /* Debug */,
				344582452B816A540008524D /* Release */,
			);
			defaultConfigurationIsVisible = 0;
			defaultConfigurationName = Release;
		};
		344582462B816A540008524D /* Build configuration list for PBXNativeTarget "POOSDKer" */ = {
			isa = XCConfigurationList;
			buildConfigurations = (
				344582472B816A540008524D /* Debug */,
				344582482B816A540008524D /* Release */,
			);
			defaultConfigurationIsVisible = 0;
			defaultConfigurationName = Release;
		};
		344582492B816A540008524D /* Build configuration list for PBXNativeTarget "POOSDKerTests" */ = {
			isa = XCConfigurationList;
			buildConfigurations = (
				3445824A2B816A540008524D /* Debug */,
				3445824B2B816A540008524D /* Release */,
			);
			defaultConfigurationIsVisible = 0;
			defaultConfigurationName = Release;
		};
		3445824C2B816A540008524D /* Build configuration list for PBXNativeTarget "POOSDKerUITests" */ = {
			isa = XCConfigurationList;
			buildConfigurations = (
				3445824D2B816A540008524D /* Debug */,
				3445824E2B816A540008524D /* Release */,
			);
			defaultConfigurationIsVisible = 0;
			defaultConfigurationName = Release;
		};
/* End XCConfigurationList section */
	};
	rootObject = 3445821A2B816A530008524D /* Project object */;
}
